
Microsoft Visual Studio Solution File, Format Version 12.00
# Visual Studio Version 17
VisualStudioVersion = 17.9.34622.214
MinimumVisualStudioVersion = 10.0.40219.1
Project("{FAE04EC0-301F-11D3-BF4B-00C04F79EFBC}") = "tveito", "tveito\tveito\tveito.csproj", "{DE789380-4244-45F7-A815-EC3A34D3E7F9}"
EndProject
Project("{FAE04EC0-301F-11D3-BF4B-00C04F79EFBC}") = "tveito.Client", "tveito\tveito.Client\tveito.Client.csproj", "{D4B28049-A8BF-4A67-BC9E-470046C74BC7}"
EndProject
Global
	GlobalSection(SolutionConfigurationPlatforms) = preSolution
		Debug|Any CPU = Debug|Any CPU
		Release|Any CPU = Release|Any CPU
	EndGlobalSection
	GlobalSection(ProjectConfigurationPlatforms) = postSolution
		{DE789380-4244-45F7-A815-EC3A34D3E7F9}.Debug|Any CPU.ActiveCfg = Debug|Any CPU
		{DE789380-4244-45F7-A815-EC3A34D3E7F9}.Debug|Any CPU.Build.0 = Debug|Any CPU
		{DE789380-4244-45F7-A815-EC3A34D3E7F9}.Release|Any CPU.ActiveCfg = Release|Any CPU
		{DE789380-4244-45F7-A815-EC3A34D3E7F9}.Release|Any CPU.Build.0 = Release|Any CPU
		{D4B28049-A8BF-4A67-BC9E-470046C74BC7}.Debug|Any CPU.ActiveCfg = Debug|Any CPU
		{D4B28049-A8BF-4A67-BC9E-470046C74BC7}.Debug|Any CPU.Build.0 = Debug|Any CPU
		{D4B28049-A8BF-4A67-BC9E-470046C74BC7}.Release|Any CPU.ActiveCfg = Release|Any CPU
		{D4B28049-A8BF-4A67-BC9E-470046C74BC7}.Release|Any CPU.Build.0 = Release|Any CPU
	EndGlobalSection
	GlobalSection(SolutionProperties) = preSolution
		HideSolutionNode = FALSE
	EndGlobalSection
	GlobalSection(ExtensibilityGlobals) = postSolution
		SolutionGuid = {D3BD7E34-F500-417A-BAAF-9743C660A4E5}
	EndGlobalSection
EndGlobal
